<?xml version="1.0" encoding="utf-8"?>
<Project ToolsVersion="4.0" xmlns="http://schemas.microsoft.com/developer/msbuild/2003">
  <ItemGroup>
    <Filter Include="소스 파일">
      <UniqueIdentifier>{4FC737F1-C7A5-4376-A066-2A32D752A2FF}</UniqueIdentifier>
      <Extensions>cpp;c;cc;cxx;c++;cppm;ixx;def;odl;idl;hpj;bat;asm;asmx</Extensions>
    </Filter>
    <Filter Include="헤더 파일">
      <UniqueIdentifier>{93995380-89BD-4b04-88EB-625FBE52EBFB}</UniqueIdentifier>
      <Extensions>h;hh;hpp;hxx;h++;hm;inl;inc;ipp;xsd</Extensions>
    </Filter>
    <Filter Include="리소스 파일">
      <UniqueIdentifier>{67DA6AB6-F800-4c08-8B7A-83BB121AAD01}</UniqueIdentifier>
      <Extensions>rc;ico;cur;bmp;dlg;rc2;rct;bin;rgs;gif;jpg;jpeg;jpe;resx;tiff;tif;png;wav;mfcribbon-ms</Extensions>
    </Filter>
    <Filter Include="소스 파일\BaekJoon">
      <UniqueIdentifier>{b72552e6-16c5-4384-98ec-b81d11d05aae}</UniqueIdentifier>
    </Filter>
    <Filter Include="소스 파일\BaekJoon\BruteForce">
      <UniqueIdentifier>{f77864aa-0552-4063-920c-799f3a5903a8}</UniqueIdentifier>
    </Filter>
    <Filter Include="소스 파일\BaekJoon\Sort">
      <UniqueIdentifier>{2f96d8d7-c6a9-4bee-8036-b83504b80def}</UniqueIdentifier>
    </Filter>
    <Filter Include="소스 파일\BaekJoon\Stack">
      <UniqueIdentifier>{d7faac5a-1c5b-4f8b-9b01-670f3026ce12}</UniqueIdentifier>
    </Filter>
    <Filter Include="소스 파일\BaekJoon\BinarySearch">
      <UniqueIdentifier>{49623aef-e2f4-4ca8-823c-3896536b1a3d}</UniqueIdentifier>
    </Filter>
    <Filter Include="소스 파일\BaekJoon\DataStructure">
      <UniqueIdentifier>{0b54f2f0-8420-48ab-9607-8484a9a01486}</UniqueIdentifier>
    </Filter>
    <Filter Include="소스 파일\BaekJoon\DataStructure\Stack">
      <UniqueIdentifier>{4552fbcb-c785-4563-800b-0f732922ab2b}</UniqueIdentifier>
    </Filter>
    <Filter Include="소스 파일\BaekJoon\DataStructure\Queue">
      <UniqueIdentifier>{5624b1d1-e963-44f2-b3de-d7c5a23f3f87}</UniqueIdentifier>
    </Filter>
    <Filter Include="소스 파일\BaekJoon\Graph">
      <UniqueIdentifier>{381fb25b-df94-490f-bf1e-bd31dbb160c3}</UniqueIdentifier>
    </Filter>
    <Filter Include="소스 파일\BaekJoon\Graph\GraphTheory">
      <UniqueIdentifier>{fc2ab7ed-7797-4299-89c1-776fcd8ed1c3}</UniqueIdentifier>
    </Filter>
    <Filter Include="소스 파일\BaekJoon\Graph\GraphTraversal">
      <UniqueIdentifier>{86a3db37-811a-43f3-a765-6c03b92262dc}</UniqueIdentifier>
    </Filter>
    <Filter Include="소스 파일\BaekJoon\Greedy">
      <UniqueIdentifier>{40431693-eca2-4abf-9f31-deaed93a30a0}</UniqueIdentifier>
    </Filter>
    <Filter Include="소스 파일\BaekJoon\Implementation">
      <UniqueIdentifier>{164f8b87-4969-4918-82d9-1303e3679c8a}</UniqueIdentifier>
    </Filter>
    <Filter Include="소스 파일\BaekJoon\PrefixSum">
      <UniqueIdentifier>{e2a01889-1cfa-427f-b2c2-b5cf6ee15ad4}</UniqueIdentifier>
    </Filter>
  </ItemGroup>
  <ItemGroup>
    <None Include="_README.md">
      <Filter>리소스 파일</Filter>
    </None>
  </ItemGroup>
  <ItemGroup>
    <ClCompile Include="BOJ1120.cpp">
      <Filter>소스 파일\BaekJoon\BruteForce</Filter>
    </ClCompile>
    <ClCompile Include="BOJ1026.cpp">
      <Filter>소스 파일\BaekJoon\Sort</Filter>
    </ClCompile>
    <ClCompile Include="BOJ17952.cpp">
      <Filter>소스 파일\BaekJoon\Stack</Filter>
    </ClCompile>
    <ClCompile Include="BOJ2805.cpp">
      <Filter>소스 파일\BaekJoon\BinarySearch</Filter>
    </ClCompile>
    <ClCompile Include="BOJ2512.cpp">
      <Filter>소스 파일\BaekJoon\BinarySearch</Filter>
    </ClCompile>
    <ClCompile Include="BOJ10773.cpp">
      <Filter>소스 파일\BaekJoon\DataStructure\Stack</Filter>
    </ClCompile>
    <ClCompile Include="BOJ4949.cpp">
      <Filter>소스 파일\BaekJoon\DataStructure\Stack</Filter>
    </ClCompile>
    <ClCompile Include="BOJ10845.cpp">
      <Filter>소스 파일\BaekJoon\DataStructure\Queue</Filter>
    </ClCompile>
    <ClCompile Include="BOJ11866.cpp">
      <Filter>소스 파일\BaekJoon\DataStructure\Queue</Filter>
    </ClCompile>
    <ClCompile Include="BOJ1697.cpp">
      <Filter>소스 파일\BaekJoon\Graph\GraphTheory</Filter>
    </ClCompile>
    <ClCompile Include="BOJ11724.cpp">
      <Filter>소스 파일\BaekJoon\Graph\GraphTheory</Filter>
    </ClCompile>
    <ClCompile Include="BOJ11725.cpp">
      <Filter>소스 파일\BaekJoon\Graph\GraphTheory</Filter>
    </ClCompile>
    <ClCompile Include="BOJ4963.cpp">
      <Filter>소스 파일\BaekJoon\Graph\GraphTraversal</Filter>
    </ClCompile>
    <ClCompile Include="BOJ7562.cpp">
      <Filter>소스 파일\BaekJoon\Graph\GraphTraversal</Filter>
    </ClCompile>
    <ClCompile Include="BOJ11047.cpp">
      <Filter>소스 파일\BaekJoon\Greedy</Filter>
    </ClCompile>
    <ClCompile Include="BOJ1541.cpp">
      <Filter>소스 파일\BaekJoon\Greedy</Filter>
    </ClCompile>
    <ClCompile Include="BOJ1158.cpp">
      <Filter>소스 파일\BaekJoon\Implementation</Filter>
    </ClCompile>
    <ClCompile Include="BOJ11660.cpp">
      <Filter>소스 파일\BaekJoon\PrefixSum</Filter>
    </ClCompile>
    <ClCompile Include="BOJ2217.cpp">
      <Filter>소스 파일\BaekJoon\Sort</Filter>
    </ClCompile>
  </ItemGroup>
</Project>